
Microsoft Visual Studio Solution File, Format Version 12.00
# Visual Studio 15
VisualStudioVersion = 15.0.28307.489
MinimumVisualStudioVersion = 10.0.40219.1
Project("{FAE04EC0-301F-11D3-BF4B-00C04F79EFBC}") = "PhotoAlbumBrowser", "ListPhoto\PhotoAlbumBrowser.csproj", "{C447F98C-913F-47EF-BDC7-08CB9BF9CF9A}"
EndProject
Project("{9A19103F-16F7-4668-BE54-9A1E7A4F7556}") = "Picture.Service", "ServicePhoto\Picture.Service.csproj", "{0FDC1E85-8C3D-448A-8EE1-CD6D580D0DE8}"
EndProject
Project("{9A19103F-16F7-4668-BE54-9A1E7A4F7556}") = "Domain.Models", "Photo.Domain\Domain.Models.csproj", "{AB7AA159-9F3E-4586-9154-6F6E4C68A722}"
EndProject
Project("{2150E333-8FDC-42A3-9474-1A3956D46DE8}") = "Unit", "Unit", "{2F23D815-D298-42FF-A6C6-88850419FAC9}"
EndProject
Project("{9A19103F-16F7-4668-BE54-9A1E7A4F7556}") = "Picture.Service.Tests", "Photo.Service.Tests\Picture.Service.Tests.csproj", "{B4E2D6B9-9C10-4989-B22D-DA74969C7873}"
EndProject
Project("{2150E333-8FDC-42A3-9474-1A3956D46DE8}") = "Presentation", "Presentation", "{74213312-086E-43C9-86F7-CDA3F52F8E4F}"
EndProject
Project("{2150E333-8FDC-42A3-9474-1A3956D46DE8}") = "Application", "Application", "{C8D6A85B-1870-421B-B592-BEE991D93EE5}"
EndProject
Project("{2150E333-8FDC-42A3-9474-1A3956D46DE8}") = "Domain", "Domain", "{FE5A9B5E-430B-4208-B204-97B2F9AF8C32}"
EndProject
Project("{2150E333-8FDC-42A3-9474-1A3956D46DE8}") = "Data", "Data", "{D3A9BCF5-9521-47EB-B481-26E554FBA315}"
EndProject
Project("{2150E333-8FDC-42A3-9474-1A3956D46DE8}") = "Infrastructure", "Infrastructure", "{0FFEB0C9-BC37-4552-BB8A-C5B8B360A32D}"
EndProject
Project("{2150E333-8FDC-42A3-9474-1A3956D46DE8}") = "Deploy", "Deploy", "{03DCD433-70DC-4278-9FDA-545ED81E7929}"
EndProject
Project("{2150E333-8FDC-42A3-9474-1A3956D46DE8}") = "Tests", "Tests", "{A944E586-E890-4922-B596-F38DBF31D042}"
EndProject
Project("{2150E333-8FDC-42A3-9474-1A3956D46DE8}") = "Integration", "Integration", "{CBADC3E2-DA6B-4AB9-B201-E348B4C8CE23}"
EndProject
Project("{2150E333-8FDC-42A3-9474-1A3956D46DE8}") = "Component", "Component", "{FD108391-0EF8-4EC0-9951-F58D669D0168}"
EndProject
Project("{9A19103F-16F7-4668-BE54-9A1E7A4F7556}") = "Domain.Abstractions", "Domain.Abstractions\Domain.Abstractions.csproj", "{688C5613-545B-4A9C-8FA6-BA6304E6E092}"
EndProject
Project("{9A19103F-16F7-4668-BE54-9A1E7A4F7556}") = "Domain.Services", "Domain.Services\Domain.Services.csproj", "{11E2CA66-BC01-4C43-B62B-D2A2836A0F68}"
EndProject
Project("{FAE04EC0-301F-11D3-BF4B-00C04F79EFBC}") = "PhotoViewer", "ShowAlbum\PhotoViewer.csproj", "{A047C249-3435-43D5-BCCE-46F950788D55}"
EndProject
Project("{FAE04EC0-301F-11D3-BF4B-00C04F79EFBC}") = "KafkaService", "KafkaService\KafkaService.csproj", "{7018E6CF-6D52-4E86-8380-2927356A0703}"
EndProject
Project("{2150E333-8FDC-42A3-9474-1A3956D46DE8}") = "Run", "Run", "{15560548-F6B1-470A-B4AA-E5DDFFBB2CA1}"
EndProject
Project("{2150E333-8FDC-42A3-9474-1A3956D46DE8}") = "Docker", "Docker", "{E82B661F-065B-498D-866D-F6E40BCCF94C}"
	ProjectSection(SolutionItems) = preProject
		Kafka.txt = Kafka.txt
		Readme.txt = Readme.txt
	EndProjectSection
EndProject
Global
	GlobalSection(SolutionConfigurationPlatforms) = preSolution
		Debug|Any CPU = Debug|Any CPU
		Release|Any CPU = Release|Any CPU
	EndGlobalSection
	GlobalSection(ProjectConfigurationPlatforms) = postSolution
		{C447F98C-913F-47EF-BDC7-08CB9BF9CF9A}.Debug|Any CPU.ActiveCfg = Debug|Any CPU
		{C447F98C-913F-47EF-BDC7-08CB9BF9CF9A}.Debug|Any CPU.Build.0 = Debug|Any CPU
		{C447F98C-913F-47EF-BDC7-08CB9BF9CF9A}.Release|Any CPU.ActiveCfg = Release|Any CPU
		{C447F98C-913F-47EF-BDC7-08CB9BF9CF9A}.Release|Any CPU.Build.0 = Release|Any CPU
		{0FDC1E85-8C3D-448A-8EE1-CD6D580D0DE8}.Debug|Any CPU.ActiveCfg = Debug|Any CPU
		{0FDC1E85-8C3D-448A-8EE1-CD6D580D0DE8}.Debug|Any CPU.Build.0 = Debug|Any CPU
		{0FDC1E85-8C3D-448A-8EE1-CD6D580D0DE8}.Release|Any CPU.ActiveCfg = Release|Any CPU
		{0FDC1E85-8C3D-448A-8EE1-CD6D580D0DE8}.Release|Any CPU.Build.0 = Release|Any CPU
		{AB7AA159-9F3E-4586-9154-6F6E4C68A722}.Debug|Any CPU.ActiveCfg = Debug|Any CPU
		{AB7AA159-9F3E-4586-9154-6F6E4C68A722}.Debug|Any CPU.Build.0 = Debug|Any CPU
		{AB7AA159-9F3E-4586-9154-6F6E4C68A722}.Release|Any CPU.ActiveCfg = Release|Any CPU
		{AB7AA159-9F3E-4586-9154-6F6E4C68A722}.Release|Any CPU.Build.0 = Release|Any CPU
		{B4E2D6B9-9C10-4989-B22D-DA74969C7873}.Debug|Any CPU.ActiveCfg = Debug|Any CPU
		{B4E2D6B9-9C10-4989-B22D-DA74969C7873}.Debug|Any CPU.Build.0 = Debug|Any CPU
		{B4E2D6B9-9C10-4989-B22D-DA74969C7873}.Release|Any CPU.ActiveCfg = Release|Any CPU
		{B4E2D6B9-9C10-4989-B22D-DA74969C7873}.Release|Any CPU.Build.0 = Release|Any CPU
		{688C5613-545B-4A9C-8FA6-BA6304E6E092}.Debug|Any CPU.ActiveCfg = Debug|Any CPU
		{688C5613-545B-4A9C-8FA6-BA6304E6E092}.Debug|Any CPU.Build.0 = Debug|Any CPU
		{688C5613-545B-4A9C-8FA6-BA6304E6E092}.Release|Any CPU.ActiveCfg = Release|Any CPU
		{688C5613-545B-4A9C-8FA6-BA6304E6E092}.Release|Any CPU.Build.0 = Release|Any CPU
		{11E2CA66-BC01-4C43-B62B-D2A2836A0F68}.Debug|Any CPU.ActiveCfg = Debug|Any CPU
		{11E2CA66-BC01-4C43-B62B-D2A2836A0F68}.Debug|Any CPU.Build.0 = Debug|Any CPU
		{11E2CA66-BC01-4C43-B62B-D2A2836A0F68}.Release|Any CPU.ActiveCfg = Release|Any CPU
		{11E2CA66-BC01-4C43-B62B-D2A2836A0F68}.Release|Any CPU.Build.0 = Release|Any CPU
		{A047C249-3435-43D5-BCCE-46F950788D55}.Debug|Any CPU.ActiveCfg = Debug|Any CPU
		{A047C249-3435-43D5-BCCE-46F950788D55}.Debug|Any CPU.Build.0 = Debug|Any CPU
		{A047C249-3435-43D5-BCCE-46F950788D55}.Release|Any CPU.ActiveCfg = Release|Any CPU
		{A047C249-3435-43D5-BCCE-46F950788D55}.Release|Any CPU.Build.0 = Release|Any CPU
		{7018E6CF-6D52-4E86-8380-2927356A0703}.Debug|Any CPU.ActiveCfg = Debug|Any CPU
		{7018E6CF-6D52-4E86-8380-2927356A0703}.Debug|Any CPU.Build.0 = Debug|Any CPU
		{7018E6CF-6D52-4E86-8380-2927356A0703}.Release|Any CPU.ActiveCfg = Release|Any CPU
		{7018E6CF-6D52-4E86-8380-2927356A0703}.Release|Any CPU.Build.0 = Release|Any CPU
	EndGlobalSection
	GlobalSection(SolutionProperties) = preSolution
		HideSolutionNode = FALSE
	EndGlobalSection
	GlobalSection(NestedProjects) = preSolution
		{C447F98C-913F-47EF-BDC7-08CB9BF9CF9A} = {74213312-086E-43C9-86F7-CDA3F52F8E4F}
		{0FDC1E85-8C3D-448A-8EE1-CD6D580D0DE8} = {C8D6A85B-1870-421B-B592-BEE991D93EE5}
		{AB7AA159-9F3E-4586-9154-6F6E4C68A722} = {FE5A9B5E-430B-4208-B204-97B2F9AF8C32}
		{2F23D815-D298-42FF-A6C6-88850419FAC9} = {A944E586-E890-4922-B596-F38DBF31D042}
		{B4E2D6B9-9C10-4989-B22D-DA74969C7873} = {2F23D815-D298-42FF-A6C6-88850419FAC9}
		{CBADC3E2-DA6B-4AB9-B201-E348B4C8CE23} = {A944E586-E890-4922-B596-F38DBF31D042}
		{FD108391-0EF8-4EC0-9951-F58D669D0168} = {A944E586-E890-4922-B596-F38DBF31D042}
		{688C5613-545B-4A9C-8FA6-BA6304E6E092} = {FE5A9B5E-430B-4208-B204-97B2F9AF8C32}
		{11E2CA66-BC01-4C43-B62B-D2A2836A0F68} = {FE5A9B5E-430B-4208-B204-97B2F9AF8C32}
		{A047C249-3435-43D5-BCCE-46F950788D55} = {74213312-086E-43C9-86F7-CDA3F52F8E4F}
		{7018E6CF-6D52-4E86-8380-2927356A0703} = {C8D6A85B-1870-421B-B592-BEE991D93EE5}
		{15560548-F6B1-470A-B4AA-E5DDFFBB2CA1} = {03DCD433-70DC-4278-9FDA-545ED81E7929}
		{E82B661F-065B-498D-866D-F6E40BCCF94C} = {15560548-F6B1-470A-B4AA-E5DDFFBB2CA1}
	EndGlobalSection
	GlobalSection(ExtensibilityGlobals) = postSolution
		SolutionGuid = {E0A6D308-66C8-4490-BD97-996EA4136D53}
	EndGlobalSection
EndGlobal
